
Microsoft Visual Studio Solution File, Format Version 12.00
# Visual Studio Version 17
VisualStudioVersion = 17.9.34607.119
MinimumVisualStudioVersion = 10.0.40219.1
Project("{8BC9CEB8-8B4A-11D0-8D11-00A0C91BC942}") = "Spar_3_STL", "Spar_3_STL\Spar_3_STL.vcxproj", "{EEA34AA3-A590-494D-9B86-F74D7384D4C9}"
EndProject
Global
	GlobalSection(SolutionConfigurationPlatforms) = preSolution
		Debug|x64 = Debug|x64
		Debug|x86 = Debug|x86
		Release|x64 = Release|x64
		Release|x86 = Release|x86
	EndGlobalSection
	GlobalSection(ProjectConfigurationPlatforms) = postSolution
		{EEA34AA3-A590-494D-9B86-F74D7384D4C9}.Debug|x64.ActiveCfg = Debug|x64
		{EEA34AA3-A590-494D-9B86-F74D7384D4C9}.Debug|x64.Build.0 = Debug|x64
		{EEA34AA3-A590-494D-9B86-F74D7384D4C9}.Debug|x86.ActiveCfg = Debug|Win32
		{EEA34AA3-A590-494D-9B86-F74D7384D4C9}.Debug|x86.Build.0 = Debug|Win32
		{EEA34AA3-A590-494D-9B86-F74D7384D4C9}.Release|x64.ActiveCfg = Release|x64
		{EEA34AA3-A590-494D-9B86-F74D7384D4C9}.Release|x64.Build.0 = Release|x64
		{EEA34AA3-A590-494D-9B86-F74D7384D4C9}.Release|x86.ActiveCfg = Release|Win32
		{EEA34AA3-A590-494D-9B86-F74D7384D4C9}.Release|x86.Build.0 = Release|Win32
	EndGlobalSection
	GlobalSection(SolutionProperties) = preSolution
		HideSolutionNode = FALSE
	EndGlobalSection
	GlobalSection(ExtensibilityGlobals) = postSolution
		SolutionGuid = {9522888F-CB5C-4EA9-8904-A54F448EF525}
	EndGlobalSection
EndGlobal
